
Microsoft Visual Studio Solution File, Format Version 12.00
# Visual Studio Version 17
VisualStudioVersion = 17.14.36603.0
MinimumVisualStudioVersion = 10.0.40219.1
Project("{FAE04EC0-301F-11D3-BF4B-00C04F79EFBC}") = "BlazorPeliculas", "BlazorPeliculas\BlazorPeliculas.csproj", "{3DA63A3A-C69F-45FB-B888-D19767D90EB8}"
EndProject
Project("{FAE04EC0-301F-11D3-BF4B-00C04F79EFBC}") = "BlazorPeliculas.Server", "BlazorPeliculas.Server\BlazorPeliculas.Server.csproj", "{F77342FE-2063-413F-9C7F-410EF3009697}"
EndProject
Project("{FAE04EC0-301F-11D3-BF4B-00C04F79EFBC}") = "BlazorPeliculas.Shared", "BlazorPeliculas.Shared\BlazorPeliculas.Shared.csproj", "{5D7415D3-8B1B-4D8D-A992-EF9337A83468}"
EndProject
Global
	GlobalSection(SolutionConfigurationPlatforms) = preSolution
		Debug|Any CPU = Debug|Any CPU
		Release|Any CPU = Release|Any CPU
	EndGlobalSection
	GlobalSection(ProjectConfigurationPlatforms) = postSolution
		{3DA63A3A-C69F-45FB-B888-D19767D90EB8}.Debug|Any CPU.ActiveCfg = Debug|Any CPU
		{3DA63A3A-C69F-45FB-B888-D19767D90EB8}.Debug|Any CPU.Build.0 = Debug|Any CPU
		{3DA63A3A-C69F-45FB-B888-D19767D90EB8}.Release|Any CPU.ActiveCfg = Release|Any CPU
		{3DA63A3A-C69F-45FB-B888-D19767D90EB8}.Release|Any CPU.Build.0 = Release|Any CPU
		{F77342FE-2063-413F-9C7F-410EF3009697}.Debug|Any CPU.ActiveCfg = Debug|Any CPU
		{F77342FE-2063-413F-9C7F-410EF3009697}.Debug|Any CPU.Build.0 = Debug|Any CPU
		{F77342FE-2063-413F-9C7F-410EF3009697}.Release|Any CPU.ActiveCfg = Release|Any CPU
		{F77342FE-2063-413F-9C7F-410EF3009697}.Release|Any CPU.Build.0 = Release|Any CPU
		{5D7415D3-8B1B-4D8D-A992-EF9337A83468}.Debug|Any CPU.ActiveCfg = Debug|Any CPU
		{5D7415D3-8B1B-4D8D-A992-EF9337A83468}.Debug|Any CPU.Build.0 = Debug|Any CPU
		{5D7415D3-8B1B-4D8D-A992-EF9337A83468}.Release|Any CPU.ActiveCfg = Release|Any CPU
		{5D7415D3-8B1B-4D8D-A992-EF9337A83468}.Release|Any CPU.Build.0 = Release|Any CPU
	EndGlobalSection
	GlobalSection(SolutionProperties) = preSolution
		HideSolutionNode = FALSE
	EndGlobalSection
	GlobalSection(ExtensibilityGlobals) = postSolution
		SolutionGuid = {117C46A5-B90D-4CD4-9369-5172829CA96F}
	EndGlobalSection
EndGlobal
